
Microsoft Visual Studio Solution File, Format Version 12.00
# Visual Studio Version 16
VisualStudioVersion = 16.0.29613.14
MinimumVisualStudioVersion = 10.0.40219.1
Project("{FAE04EC0-301F-11D3-BF4B-00C04F79EFBC}") = "RentalCarCompany", "RentalCarCompany.csproj", "{671AD02D-1490-489E-81D4-C97762F871CB}"
EndProject
Global
	GlobalSection(SolutionConfigurationPlatforms) = preSolution
		Debug|Any CPU = Debug|Any CPU
		Release|Any CPU = Release|Any CPU
	EndGlobalSection
	GlobalSection(ProjectConfigurationPlatforms) = postSolution
		{671AD02D-1490-489E-81D4-C97762F871CB}.Debug|Any CPU.ActiveCfg = Debug|Any CPU
		{671AD02D-1490-489E-81D4-C97762F871CB}.Debug|Any CPU.Build.0 = Debug|Any CPU
		{671AD02D-1490-489E-81D4-C97762F871CB}.Release|Any CPU.ActiveCfg = Release|Any CPU
		{671AD02D-1490-489E-81D4-C97762F871CB}.Release|Any CPU.Build.0 = Release|Any CPU
	EndGlobalSection
	GlobalSection(SolutionProperties) = preSolution
		HideSolutionNode = FALSE
	EndGlobalSection
	GlobalSection(ExtensibilityGlobals) = postSolution
		SolutionGuid = {1C8BB3BD-B551-4527-853D-FCAECA2BA046}
	EndGlobalSection
EndGlobal
